
Microsoft Visual Studio Solution File, Format Version 12.00
# Visual Studio Version 16
VisualStudioVersion = 16.0.31515.178
MinimumVisualStudioVersion = 10.0.40219.1
Project("{9A19103F-16F7-4668-BE54-9A1E7A4F7556}") = "HospitalRazorWebApp", "HospitalRazorWebApp\HospitalRazorWebApp.csproj", "{69CFA17A-EA86-424B-9CE6-E7039D5180C4}"
EndProject
Project("{2150E333-8FDC-42A3-9474-1A3956D46DE8}") = "01.Application", "01.Application", "{D540CC93-7831-4148-B2B8-4BC1F99FD122}"
EndProject
Project("{2150E333-8FDC-42A3-9474-1A3956D46DE8}") = "02.Microservices", "02.Microservices", "{C163DC12-0D9C-43B0-9EF6-13FE87DD6B1A}"
EndProject
Project("{2150E333-8FDC-42A3-9474-1A3956D46DE8}") = "03.DAL", "03.DAL", "{CBF8EF31-859F-414C-B558-B4412EE09219}"
EndProject
Project("{2150E333-8FDC-42A3-9474-1A3956D46DE8}") = "04.Model", "04.Model", "{083ED0B0-2C12-4309-BDF8-9F9D107747D4}"
EndProject
Project("{2150E333-8FDC-42A3-9474-1A3956D46DE8}") = "05.Services", "05.Services", "{5CA80B45-078B-49CD-B558-CE4F6CF965A6}"
EndProject
Project("{FAE04EC0-301F-11D3-BF4B-00C04F79EFBC}") = "ServicesExtension", "ServicesExtension\ServicesExtension.csproj", "{F9BBA52A-179D-4FD2-BBD2-7F01E853906B}"
EndProject
Global
	GlobalSection(SolutionConfigurationPlatforms) = preSolution
		Debug|Any CPU = Debug|Any CPU
		Release|Any CPU = Release|Any CPU
	EndGlobalSection
	GlobalSection(ProjectConfigurationPlatforms) = postSolution
		{69CFA17A-EA86-424B-9CE6-E7039D5180C4}.Debug|Any CPU.ActiveCfg = Debug|Any CPU
		{69CFA17A-EA86-424B-9CE6-E7039D5180C4}.Debug|Any CPU.Build.0 = Debug|Any CPU
		{69CFA17A-EA86-424B-9CE6-E7039D5180C4}.Release|Any CPU.ActiveCfg = Release|Any CPU
		{69CFA17A-EA86-424B-9CE6-E7039D5180C4}.Release|Any CPU.Build.0 = Release|Any CPU
		{F9BBA52A-179D-4FD2-BBD2-7F01E853906B}.Debug|Any CPU.ActiveCfg = Debug|Any CPU
		{F9BBA52A-179D-4FD2-BBD2-7F01E853906B}.Debug|Any CPU.Build.0 = Debug|Any CPU
		{F9BBA52A-179D-4FD2-BBD2-7F01E853906B}.Release|Any CPU.ActiveCfg = Release|Any CPU
		{F9BBA52A-179D-4FD2-BBD2-7F01E853906B}.Release|Any CPU.Build.0 = Release|Any CPU
	EndGlobalSection
	GlobalSection(SolutionProperties) = preSolution
		HideSolutionNode = FALSE
	EndGlobalSection
	GlobalSection(NestedProjects) = preSolution
		{69CFA17A-EA86-424B-9CE6-E7039D5180C4} = {D540CC93-7831-4148-B2B8-4BC1F99FD122}
		{F9BBA52A-179D-4FD2-BBD2-7F01E853906B} = {5CA80B45-078B-49CD-B558-CE4F6CF965A6}
	EndGlobalSection
	GlobalSection(ExtensibilityGlobals) = postSolution
		SolutionGuid = {4C1F086B-5F3E-4D74-86FF-9C405E8C6F67}
	EndGlobalSection
EndGlobal
